{
  "version": "5",
  "specifiers": {
    "jsr:@std/assert@1": "1.0.15",
    "jsr:@std/internal@^1.0.12": "1.0.12",
    "npm:@types/express@^5.0.4": "5.0.4",
    "npm:express@^5.0.4": "5.1.0",
    "npm:web3@^4.16.0": "4.16.0"
  },
  "jsr": {
    "@std/assert@1.0.15": {
      "integrity": "d64018e951dbdfab9777335ecdb000c0b4e3df036984083be219ce5941e4703b",
      "dependencies": [
        "jsr:@std/internal"
      ]
    },
    "@std/internal@1.0.12": {
      "integrity": "972a634fd5bc34b242024402972cd5143eac68d8dffaca5eaa4dba30ce17b027"
    }
  },
  "npm": {
    "@adraffy/ens-normalize@1.11.1": {
      "integrity": "sha512-nhCBV3quEgesuf7c7KYfperqSS14T8bYuvJ8PcLJp6znkZpFc0AuW4qBtr8eKVyPPe/8RSr7sglCWPU5eaxwKQ=="
    },
    "@ethereumjs/rlp@4.0.1": {
      "integrity": "sha512-tqsQiBQDQdmPWE1xkkBq4rlSW5QZpLOUJ5RJh2/9fug+q9tnUhuZoVLk7s0scUIKTOzEtR72DFBXI4WiZcMpvw==",
      "bin": true
    },
    "@ethereumjs/rlp@5.0.2": {
      "integrity": "sha512-DziebCdg4JpGlEqEdGgXmjqcFoJi+JGulUXwEjsZGAscAQ7MyD/7LE/GVCP29vEQxKc7AAwjT3A2ywHp2xfoCA==",
      "bin": true
    },
    "@noble/curves@1.4.2": {
      "integrity": "sha512-TavHr8qycMChk8UwMld0ZDRvatedkzWfH8IiaeGCfymOP5i0hSCozz9vHOL0nkwk7HRMlFnAiKpS2jrUmSybcw==",
      "dependencies": [
        "@noble/hashes"
      ]
    },
    "@noble/hashes@1.4.0": {
      "integrity": "sha512-V1JJ1WTRUqHHrOSh597hURcMqVKVGL/ea3kv0gSnEdsEZ0/+VyPghM1lMNGc00z7CIQorSvbKpuJkxvuHbvdbg=="
    },
    "@scure/base@1.1.9": {
      "integrity": "sha512-8YKhl8GHiNI/pU2VMaofa2Tor7PJRAjwQLBBuilkJ9L5+13yVbC7JO/wS7piioAvPSwR3JKM1IJ/u4xQzbcXKg=="
    },
    "@scure/bip32@1.4.0": {
      "integrity": "sha512-sVUpc0Vq3tXCkDGYVWGIZTRfnvu8LoTDaev7vbwh0omSvVORONr960MQWdKqJDCReIEmTj3PAr73O3aoxz7OPg==",
      "dependencies": [
        "@noble/curves",
        "@noble/hashes",
        "@scure/base"
      ]
    },
    "@scure/bip39@1.3.0": {
      "integrity": "sha512-disdg7gHuTDZtY+ZdkmLpPCk7fxZSu3gBiEGuoC1XYxv9cGx3Z6cpTggCgW6odSOOIXCiDjuGejW+aJKCY/pIQ==",
      "dependencies": [
        "@noble/hashes",
        "@scure/base"
      ]
    },
    "@types/body-parser@1.19.6": {
      "integrity": "sha512-HLFeCYgz89uk22N5Qg3dvGvsv46B8GLvKKo1zKG4NybA8U2DiEO3w9lqGg29t/tfLRJpJ6iQxnVw4OnB7MoM9g==",
      "dependencies": [
        "@types/connect",
        "@types/node"
      ]
    },
    "@types/connect@3.4.38": {
      "integrity": "sha512-K6uROf1LD88uDQqJCktA4yzL1YYAK6NgfsI0v/mTgyPKWsX1CnJ0XPSDhViejru1GcRkLWb8RlzFYJRqGUbaug==",
      "dependencies": [
        "@types/node"
      ]
    },
    "@types/express-serve-static-core@5.1.0": {
      "integrity": "sha512-jnHMsrd0Mwa9Cf4IdOzbz543y4XJepXrbia2T4b6+spXC2We3t1y6K44D3mR8XMFSXMCf3/l7rCgddfx7UNVBA==",
      "dependencies": [
        "@types/node",
        "@types/qs",
        "@types/range-parser",
        "@types/send@1.2.1"
      ]
    },
    "@types/express@5.0.4": {
      "integrity": "sha512-g64dbryHk7loCIrsa0R3shBnEu5p6LPJ09bu9NG58+jz+cRUjFrc3Bz0kNQ7j9bXeCsrRDvNET1G54P/GJkAyA==",
      "dependencies": [
        "@types/body-parser",
        "@types/express-serve-static-core",
        "@types/serve-static"
      ]
    },
    "@types/http-errors@2.0.5": {
      "integrity": "sha512-r8Tayk8HJnX0FztbZN7oVqGccWgw98T/0neJphO91KkmOzug1KkofZURD4UaD5uH8AqcFLfdPErnBod0u71/qg=="
    },
    "@types/mime@1.3.5": {
      "integrity": "sha512-/pyBZWSLD2n0dcHE3hq8s8ZvcETHtEuF+3E7XVt0Ig2nvsVQXdghHVcEkIWjy9A0wKfTn97a/PSDYohKIlnP/w=="
    },
    "@types/node@24.2.0": {
      "integrity": "sha512-3xyG3pMCq3oYCNg7/ZP+E1ooTaGB4cG8JWRsqqOYQdbWNY4zbaV0Ennrd7stjiJEFZCaybcIgpTjJWHRfBSIDw==",
      "dependencies": [
        "undici-types"
      ]
    },
    "@types/qs@6.14.0": {
      "integrity": "sha512-eOunJqu0K1923aExK6y8p6fsihYEn/BYuQ4g0CxAAgFc4b/ZLN4CrsRZ55srTdqoiLzU2B2evC+apEIxprEzkQ=="
    },
    "@types/range-parser@1.2.7": {
      "integrity": "sha512-hKormJbkJqzQGhziax5PItDUTMAM9uE2XXQmM37dyd4hVM+5aVl7oVxMVUiVQn2oCQFN/LKCZdvSM0pFRqbSmQ=="
    },
    "@types/send@0.17.6": {
      "integrity": "sha512-Uqt8rPBE8SY0RK8JB1EzVOIZ32uqy8HwdxCnoCOsYrvnswqmFZ/k+9Ikidlk/ImhsdvBsloHbAlewb2IEBV/Og==",
      "dependencies": [
        "@types/mime",
        "@types/node"
      ]
    },
    "@types/send@1.2.1": {
      "integrity": "sha512-arsCikDvlU99zl1g69TcAB3mzZPpxgw0UQnaHeC1Nwb015xp8bknZv5rIfri9xTOcMuaVgvabfIRA7PSZVuZIQ==",
      "dependencies": [
        "@types/node"
      ]
    },
    "@types/serve-static@1.15.10": {
      "integrity": "sha512-tRs1dB+g8Itk72rlSI2ZrW6vZg0YrLI81iQSTkMmOqnqCaNr/8Ek4VwWcN5vZgCYWbg/JJSGBlUaYGAOP73qBw==",
      "dependencies": [
        "@types/http-errors",
        "@types/node",
        "@types/send@0.17.6"
      ]
    },
    "@types/ws@8.5.3": {
      "integrity": "sha512-6YOoWjruKj1uLf3INHH7D3qTXwFfEsg1kf3c0uDdSBJwfa/llkwIjrAGV7j7mVgGNbzTQ3HiHKKDXl6bJPD97w==",
      "dependencies": [
        "@types/node"
      ]
    },
    "abitype@0.7.1_typescript@5.9.3": {
      "integrity": "sha512-VBkRHTDZf9Myaek/dO3yMmOzB/y2s3Zo6nVU7yaw1G+TvCHAjwaJzNGN9yo4K5D8bU/VZXKP1EJpRhFr862PlQ==",
      "dependencies": [
        "typescript"
      ]
    },
    "accepts@2.0.0": {
      "integrity": "sha512-5cvg6CtKwfgdmVqY1WIiXKc3Q1bkRqGLi+2W/6ao+6Y7gu/RCwRuAhGEzh5B4KlszSuTLgZYuqFqo5bImjNKng==",
      "dependencies": [
        "mime-types",
        "negotiator"
      ]
    },
    "available-typed-arrays@1.0.7": {
      "integrity": "sha512-wvUjBtSGN7+7SjNpq/9M2Tg350UZD3q62IFZLbRAR1bSMlCo1ZaeW+BJ+D090e4hIIZLBcTDWe4Mh4jvUDajzQ==",
      "dependencies": [
        "possible-typed-array-names"
      ]
    },
    "body-parser@2.2.0": {
      "integrity": "sha512-02qvAaxv8tp7fBa/mw1ga98OGm+eCbqzJOKoRt70sLmfEEi+jyBYVTDGfCL/k06/4EMk/z01gCe7HoCH/f2LTg==",
      "dependencies": [
        "bytes",
        "content-type",
        "debug",
        "http-errors",
        "iconv-lite@0.6.3",
        "on-finished",
        "qs",
        "raw-body",
        "type-is"
      ]
    },
    "bytes@3.1.2": {
      "integrity": "sha512-/Nf7TyzTx6S3yRJObOAV7956r8cr2+Oj8AC5dt8wSP3BQAoeX58NoHyCU8P8zGkNXStjTSi6fzO6F0pBdcYbEg=="
    },
    "call-bind-apply-helpers@1.0.2": {
      "integrity": "sha512-Sp1ablJ0ivDkSzjcaJdxEunN5/XvksFJ2sMBFfq6x0ryhQV/2b/KwFe21cMpmHtPOSij8K99/wSfoEuTObmuMQ==",
      "dependencies": [
        "es-errors",
        "function-bind"
      ]
    },
    "call-bind@1.0.8": {
      "integrity": "sha512-oKlSFMcMwpUg2ednkhQ454wfWiU/ul3CkJe/PEHcTKuiX6RpbehUiFMXu13HalGZxfUwCQzZG747YXBn1im9ww==",
      "dependencies": [
        "call-bind-apply-helpers",
        "es-define-property",
        "get-intrinsic",
        "set-function-length"
      ]
    },
    "call-bound@1.0.4": {
      "integrity": "sha512-+ys997U96po4Kx/ABpBCqhA9EuxJaQWDQg7295H4hBphv3IZg0boBKuwYpt4YXp6MZ5AmZQnU/tyMTlRpaSejg==",
      "dependencies": [
        "call-bind-apply-helpers",
        "get-intrinsic"
      ]
    },
    "content-disposition@1.0.0": {
      "integrity": "sha512-Au9nRL8VNUut/XSzbQA38+M78dzP4D+eqg3gfJHMIHHYa3bg067xj1KxMUWj+VULbiZMowKngFFbKczUrNJ1mg==",
      "dependencies": [
        "safe-buffer"
      ]
    },
    "content-type@1.0.5": {
      "integrity": "sha512-nTjqfcBFEipKdXCv4YDQWCfmcLZKm81ldF0pAopTvyrFGVbcR6P/VAAd5G7N+0tTr8QqiU0tFadD6FK4NtJwOA=="
    },
    "cookie-signature@1.2.2": {
      "integrity": "sha512-D76uU73ulSXrD1UXF4KE2TMxVVwhsnCgfAyTg9k8P6KGZjlXKrOLe4dJQKI3Bxi5wjesZoFXJWElNWBjPZMbhg=="
    },
    "cookie@0.7.2": {
      "integrity": "sha512-yki5XnKuf750l50uGTllt6kKILY4nQ1eNIQatoXEByZ5dWgnKqbnqmTrBE5B4N7lrMJKQ2ytWMiTO2o0v6Ew/w=="
    },
    "crc-32@1.2.2": {
      "integrity": "sha512-ROmzCKrTnOwybPcJApAA6WBWij23HVfGVNKqqrZpuyZOHqK2CwHSvpGuyt/UNNvaIjEd8X5IFGp4Mh+Ie1IHJQ==",
      "bin": true
    },
    "cross-fetch@4.1.0": {
      "integrity": "sha512-uKm5PU+MHTootlWEY+mZ4vvXoCn4fLQxT9dSc1sXVMSFkINTJVN8cAQROpwcKm8bJ/c7rgZVIBWzH5T78sNZZw==",
      "dependencies": [
        "node-fetch"
      ]
    },
    "debug@4.4.3": {
      "integrity": "sha512-RGwwWnwQvkVfavKVt22FGLw+xYSdzARwm0ru6DhTVA3umU5hZc28V3kO4stgYryrTlLpuvgI9GiijltAjNbcqA==",
      "dependencies": [
        "ms"
      ]
    },
    "define-data-property@1.1.4": {
      "integrity": "sha512-rBMvIzlpA8v6E+SJZoo++HAYqsLrkg7MSfIinMPFhmkorw7X+dOXVJQs+QT69zGkzMyfDnIMN2Wid1+NbL3T+A==",
      "dependencies": [
        "es-define-property",
        "es-errors",
        "gopd"
      ]
    },
    "depd@2.0.0": {
      "integrity": "sha512-g7nH6P6dyDioJogAAGprGpCtVImJhpPk/roCzdb3fIh61/s/nPsfR6onyMwkCAR/OlC3yBC0lESvUoQEAssIrw=="
    },
    "dunder-proto@1.0.1": {
      "integrity": "sha512-KIN/nDJBQRcXw0MLVhZE9iQHmG68qAVIBg9CqmUYjmQIhgij9U5MFvrqkUL5FbtyyzZuOeOt0zdeRe4UY7ct+A==",
      "dependencies": [
        "call-bind-apply-helpers",
        "es-errors",
        "gopd"
      ]
    },
    "ee-first@1.1.1": {
      "integrity": "sha512-WMwm9LhRUo+WUaRN+vRuETqG89IgZphVSNkdFgeb6sS/E4OrDIN7t48CAewSHXc6C8lefD8KKfr5vY61brQlow=="
    },
    "encodeurl@2.0.0": {
      "integrity": "sha512-Q0n9HRi4m6JuGIV1eFlmvJB7ZEVxu93IrMyiMsGC0lrMJMWzRgx6WGquyfQgZVb31vhGgXnfmPNNXmxnOkRBrg=="
    },
    "es-define-property@1.0.1": {
      "integrity": "sha512-e3nRfgfUZ4rNGL232gUgX06QNyyez04KdjFrF+LTRoOXmrOgFKDg4BCdsjW8EnT69eqdYGmRpJwiPVYNrCaW3g=="
    },
    "es-errors@1.3.0": {
      "integrity": "sha512-Zf5H2Kxt2xjTvbJvP2ZWLEICxA6j+hAmMzIlypy4xcBg1vKVnx89Wy0GbS+kf5cwCVFFzdCFh2XSCFNULS6csw=="
    },
    "es-object-atoms@1.1.1": {
      "integrity": "sha512-FGgH2h8zKNim9ljj7dankFPcICIK9Cp5bm+c2gQSYePhpaG5+esrLODihIorn+Pe6FGJzWhXQotPv73jTaldXA==",
      "dependencies": [
        "es-errors"
      ]
    },
    "escape-html@1.0.3": {
      "integrity": "sha512-NiSupZ4OeuGwr68lGIeym/ksIZMJodUGOSCZ/FSnTxcrekbvqrgdUxlJOMpijaKZVjAJrWrGs/6Jy8OMuyj9ow=="
    },
    "etag@1.8.1": {
      "integrity": "sha512-aIL5Fx7mawVa300al2BnEE4iNvo1qETxLrPI/o05L7z6go7fCw1J6EQmbK4FmJ2AS7kgVF/KEZWufBfdClMcPg=="
    },
    "ethereum-cryptography@2.2.1": {
      "integrity": "sha512-r/W8lkHSiTLxUxW8Rf3u4HGB0xQweG2RyETjywylKZSzLWoWAijRz8WCuOtJ6wah+avllXBqZuk29HCCvhEIRg==",
      "dependencies": [
        "@noble/curves",
        "@noble/hashes",
        "@scure/bip32",
        "@scure/bip39"
      ]
    },
    "eventemitter3@5.0.1": {
      "integrity": "sha512-GWkBvjiSZK87ELrYOSESUYeVIc9mvLLf/nXalMOS5dYrgZq9o5OVkbZAVM06CVxYsCwH9BDZFPlQTlPA1j4ahA=="
    },
    "express@5.1.0": {
      "integrity": "sha512-DT9ck5YIRU+8GYzzU5kT3eHGA5iL+1Zd0EutOmTE9Dtk+Tvuzd23VBU+ec7HPNSTxXYO55gPV/hq4pSBJDjFpA==",
      "dependencies": [
        "accepts",
        "body-parser",
        "content-disposition",
        "content-type",
        "cookie",
        "cookie-signature",
        "debug",
        "encodeurl",
        "escape-html",
        "etag",
        "finalhandler",
        "fresh",
        "http-errors",
        "merge-descriptors",
        "mime-types",
        "on-finished",
        "once",
        "parseurl",
        "proxy-addr",
        "qs",
        "range-parser",
        "router",
        "send",
        "serve-static",
        "statuses@2.0.2",
        "type-is",
        "vary"
      ]
    },
    "finalhandler@2.1.0": {
      "integrity": "sha512-/t88Ty3d5JWQbWYgaOGCCYfXRwV1+be02WqYYlL6h0lEiUAMPM8o8qKGO01YIkOHzka2up08wvgYD0mDiI+q3Q==",
      "dependencies": [
        "debug",
        "encodeurl",
        "escape-html",
        "on-finished",
        "parseurl",
        "statuses@2.0.2"
      ]
    },
    "for-each@0.3.5": {
      "integrity": "sha512-dKx12eRCVIzqCxFGplyFKJMPvLEWgmNtUrpTiJIR5u97zEhRG8ySrtboPHZXx7daLxQVrl643cTzbab2tkQjxg==",
      "dependencies": [
        "is-callable"
      ]
    },
    "forwarded@0.2.0": {
      "integrity": "sha512-buRG0fpBtRHSTCOASe6hD258tEubFoRLb4ZNA6NxMVHNw2gOcwHo9wyablzMzOA5z9xA9L1KNjk/Nt6MT9aYow=="
    },
    "fresh@2.0.0": {
      "integrity": "sha512-Rx/WycZ60HOaqLKAi6cHRKKI7zxWbJ31MhntmtwMoaTeF7XFH9hhBp8vITaMidfljRQ6eYWCKkaTK+ykVJHP2A=="
    },
    "function-bind@1.1.2": {
      "integrity": "sha512-7XHNxH7qX9xG5mIwxkhumTox/MIRNcOgDrxWsMt2pAr23WHp6MrRlN7FBSFpCpr+oVO0F744iUgR82nJMfG2SA=="
    },
    "generator-function@2.0.1": {
      "integrity": "sha512-SFdFmIJi+ybC0vjlHN0ZGVGHc3lgE0DxPAT0djjVg+kjOnSqclqmj0KQ7ykTOLP6YxoqOvuAODGdcHJn+43q3g=="
    },
    "get-intrinsic@1.3.0": {
      "integrity": "sha512-9fSjSaos/fRIVIp+xSJlE6lfwhES7LNtKaCBIamHsjr2na1BiABJPo0mOjjz8GJDURarmCPGqaiVg5mfjb98CQ==",
      "dependencies": [
        "call-bind-apply-helpers",
        "es-define-property",
        "es-errors",
        "es-object-atoms",
        "function-bind",
        "get-proto",
        "gopd",
        "has-symbols",
        "hasown",
        "math-intrinsics"
      ]
    },
    "get-proto@1.0.1": {
      "integrity": "sha512-sTSfBjoXBp89JvIKIefqw7U2CCebsc74kiY6awiGogKtoSGbgjYE/G/+l9sF3MWFPNc9IcoOC4ODfKHfxFmp0g==",
      "dependencies": [
        "dunder-proto",
        "es-object-atoms"
      ]
    },
    "gopd@1.2.0": {
      "integrity": "sha512-ZUKRh6/kUFoAiTAtTYPZJ3hw9wNxx+BIBOijnlG9PnrJsCcSjs1wyyD6vJpaYtgnzDrKYRSqf3OO6Rfa93xsRg=="
    },
    "has-property-descriptors@1.0.2": {
      "integrity": "sha512-55JNKuIW+vq4Ke1BjOTjM2YctQIvCT7GFzHwmfZPGo5wnrgkid0YQtnAleFSqumZm4az3n2BS+erby5ipJdgrg==",
      "dependencies": [
        "es-define-property"
      ]
    },
    "has-symbols@1.1.0": {
      "integrity": "sha512-1cDNdwJ2Jaohmb3sg4OmKaMBwuC48sYni5HUw2DvsC8LjGTLK9h+eb1X6RyuOHe4hT0ULCW68iomhjUoKUqlPQ=="
    },
    "has-tostringtag@1.0.2": {
      "integrity": "sha512-NqADB8VjPFLM2V0VvHUewwwsw0ZWBaIdgo+ieHtK3hasLz4qeCRjYcqfB6AQrBggRKppKF8L52/VqdVsO47Dlw==",
      "dependencies": [
        "has-symbols"
      ]
    },
    "hasown@2.0.2": {
      "integrity": "sha512-0hJU9SCPvmMzIBdZFqNPXWa6dqh7WdH0cII9y+CyS8rG3nL48Bclra9HmKhVVUHyPWNH5Y7xDwAB7bfgSjkUMQ==",
      "dependencies": [
        "function-bind"
      ]
    },
    "http-errors@2.0.0": {
      "integrity": "sha512-FtwrG/euBzaEjYeRqOgly7G0qviiXoJWnvEH2Z1plBdXgbyjv34pHTSb9zoeHMyDy33+DWy5Wt9Wo+TURtOYSQ==",
      "dependencies": [
        "depd",
        "inherits",
        "setprototypeof",
        "statuses@2.0.1",
        "toidentifier"
      ]
    },
    "iconv-lite@0.6.3": {
      "integrity": "sha512-4fCk79wshMdzMp2rH06qWrJE4iolqLhCUH+OiuIgU++RB0+94NlDL81atO7GX55uUKueo0txHNtvEyI6D7WdMw==",
      "dependencies": [
        "safer-buffer"
      ]
    },
    "iconv-lite@0.7.0": {
      "integrity": "sha512-cf6L2Ds3h57VVmkZe+Pn+5APsT7FpqJtEhhieDCvrE2MK5Qk9MyffgQyuxQTm6BChfeZNtcOLHp9IcWRVcIcBQ==",
      "dependencies": [
        "safer-buffer"
      ]
    },
    "inherits@2.0.4": {
      "integrity": "sha512-k/vGaX4/Yla3WzyMCvTQOXYeIHvqOKtnqBduzTHpzpQZzAskKMhZ2K+EnBiSM9zGSoIFeMpXKxa4dYeZIQqewQ=="
    },
    "ipaddr.js@1.9.1": {
      "integrity": "sha512-0KI/607xoxSToH7GjN1FfSbLoU0+btTicjsQSWQlh/hZykN8KpmMf7uYwPW3R+akZ6R/w18ZlXSHBYXiYUPO3g=="
    },
    "is-arguments@1.2.0": {
      "integrity": "sha512-7bVbi0huj/wrIAOzb8U1aszg9kdi3KN/CyU19CTI7tAoZYEZoL9yCDXpbXN+uPsuWnP02cyug1gleqq+TU+YCA==",
      "dependencies": [
        "call-bound",
        "has-tostringtag"
      ]
    },
    "is-callable@1.2.7": {
      "integrity": "sha512-1BC0BVFhS/p0qtw6enp8e+8OD0UrK0oFLztSjNzhcKA3WDuJxxAPXzPuPtKkjEY9UUoEWlX/8fgKeu2S8i9JTA=="
    },
    "is-generator-function@1.1.2": {
      "integrity": "sha512-upqt1SkGkODW9tsGNG5mtXTXtECizwtS2kA161M+gJPc1xdb/Ax629af6YrTwcOeQHbewrPNlE5Dx7kzvXTizA==",
      "dependencies": [
        "call-bound",
        "generator-function",
        "get-proto",
        "has-tostringtag",
        "safe-regex-test"
      ]
    },
    "is-promise@4.0.0": {
      "integrity": "sha512-hvpoI6korhJMnej285dSg6nu1+e6uxs7zG3BYAm5byqDsgJNWwxzM6z6iZiAgQR4TJ30JmBTOwqZUw3WlyH3AQ=="
    },
    "is-regex@1.2.1": {
      "integrity": "sha512-MjYsKHO5O7mCsmRGxWcLWheFqN9DJ/2TmngvjKXihe6efViPqc274+Fx/4fYj/r03+ESvBdTXK0V6tA3rgez1g==",
      "dependencies": [
        "call-bound",
        "gopd",
        "has-tostringtag",
        "hasown"
      ]
    },
    "is-typed-array@1.1.15": {
      "integrity": "sha512-p3EcsicXjit7SaskXHs1hA91QxgTw46Fv6EFKKGS5DRFLD8yKnohjF3hxoju94b/OcMZoQukzpPpBE9uLVKzgQ==",
      "dependencies": [
        "which-typed-array"
      ]
    },
    "isomorphic-ws@5.0.0_ws@8.18.3": {
      "integrity": "sha512-muId7Zzn9ywDsyXgTIafTry2sV3nySZeUDe6YedVd1Hvuuep5AsIlqK+XefWpYTyJG5e503F2xIuT2lcU6rCSw==",
      "dependencies": [
        "ws"
      ]
    },
    "math-intrinsics@1.1.0": {
      "integrity": "sha512-/IXtbwEk5HTPyEwyKX6hGkYXxM9nbj64B+ilVJnC/R6B0pH5G4V3b0pVbL7DBj4tkhBAppbQUlf6F6Xl9LHu1g=="
    },
    "media-typer@1.1.0": {
      "integrity": "sha512-aisnrDP4GNe06UcKFnV5bfMNPBUw4jsLGaWwWfnH3v02GnBuXX2MCVn5RbrWo0j3pczUilYblq7fQ7Nw2t5XKw=="
    },
    "merge-descriptors@2.0.0": {
      "integrity": "sha512-Snk314V5ayFLhp3fkUREub6WtjBfPdCPY1Ln8/8munuLuiYhsABgBVWsozAG+MWMbVEvcdcpbi9R7ww22l9Q3g=="
    },
    "mime-db@1.54.0": {
      "integrity": "sha512-aU5EJuIN2WDemCcAp2vFBfp/m4EAhWJnUNSSw0ixs7/kXbd6Pg64EmwJkNdFhB8aWt1sH2CTXrLxo/iAGV3oPQ=="
    },
    "mime-types@3.0.1": {
      "integrity": "sha512-xRc4oEhT6eaBpU1XF7AjpOFD+xQmXNB5OVKwp4tqCuBpHLS/ZbBDrc07mYTDqVMg6PfxUjjNp85O6Cd2Z/5HWA==",
      "dependencies": [
        "mime-db"
      ]
    },
    "ms@2.1.3": {
      "integrity": "sha512-6FlzubTLZG3J2a/NVCAleEhjzq5oxgHyaCU9yYXvcLsvoVaHJq/s5xXI6/XXP6tz7R9xAOtHnSO/tXtF3WRTlA=="
    },
    "negotiator@1.0.0": {
      "integrity": "sha512-8Ofs/AUQh8MaEcrlq5xOX0CQ9ypTF5dl78mjlMNfOK08fzpgTHQRQPBxcPlEtIw0yRpws+Zo/3r+5WRby7u3Gg=="
    },
    "node-fetch@2.7.0": {
      "integrity": "sha512-c4FRfUm/dbcWZ7U+1Wq0AwCyFL+3nt2bEw05wfxSz+DWpWsitgmSgYmy2dQdWyKC1694ELPqMs/YzUSNozLt8A==",
      "dependencies": [
        "whatwg-url"
      ]
    },
    "object-inspect@1.13.4": {
      "integrity": "sha512-W67iLl4J2EXEGTbfeHCffrjDfitvLANg0UlX3wFUUSTx92KXRFegMHUVgSqE+wvhAbi4WqjGg9czysTV2Epbew=="
    },
    "on-finished@2.4.1": {
      "integrity": "sha512-oVlzkg3ENAhCk2zdv7IJwd/QUD4z2RxRwpkcGY8psCVcCYZNq4wYnVWALHM+brtuJjePWiYF/ClmuDr8Ch5+kg==",
      "dependencies": [
        "ee-first"
      ]
    },
    "once@1.4.0": {
      "integrity": "sha512-lNaJgI+2Q5URQBkccEKHTQOPaXdUxnZZElQTZY0MFUAuaEqe1E+Nyvgdz/aIyNi6Z9MzO5dv1H8n58/GELp3+w==",
      "dependencies": [
        "wrappy"
      ]
    },
    "parseurl@1.3.3": {
      "integrity": "sha512-CiyeOxFT/JZyN5m0z9PfXw4SCBJ6Sygz1Dpl0wqjlhDEGGBP1GnsUVEL0p63hoG1fcj3fHynXi9NYO4nWOL+qQ=="
    },
    "path-to-regexp@8.3.0": {
      "integrity": "sha512-7jdwVIRtsP8MYpdXSwOS0YdD0Du+qOoF/AEPIt88PcCFrZCzx41oxku1jD88hZBwbNUIEfpqvuhjFaMAqMTWnA=="
    },
    "possible-typed-array-names@1.1.0": {
      "integrity": "sha512-/+5VFTchJDoVj3bhoqi6UeymcD00DAwb1nJwamzPvHEszJ4FpF6SNNbUbOS8yI56qHzdV8eK0qEfOSiodkTdxg=="
    },
    "proxy-addr@2.0.7": {
      "integrity": "sha512-llQsMLSUDUPT44jdrU/O37qlnifitDP+ZwrmmZcoSKyLKvtZxpyV0n2/bD/N4tBAAZ/gJEdZU7KMraoK1+XYAg==",
      "dependencies": [
        "forwarded",
        "ipaddr.js"
      ]
    },
    "qs@6.14.0": {
      "integrity": "sha512-YWWTjgABSKcvs/nWBi9PycY/JiPJqOD4JA6o9Sej2AtvSGarXxKC3OQSk4pAarbdQlKAh5D4FCQkJNkW+GAn3w==",
      "dependencies": [
        "side-channel"
      ]
    },
    "range-parser@1.2.1": {
      "integrity": "sha512-Hrgsx+orqoygnmhFbKaHE6c296J+HTAQXoxEF6gNupROmmGJRoyzfG3ccAveqCBrwr/2yxQ5BVd/GTl5agOwSg=="
    },
    "raw-body@3.0.1": {
      "integrity": "sha512-9G8cA+tuMS75+6G/TzW8OtLzmBDMo8p1JRxN5AZ+LAp8uxGA8V8GZm4GQ4/N5QNQEnLmg6SS7wyuSmbKepiKqA==",
      "dependencies": [
        "bytes",
        "http-errors",
        "iconv-lite@0.7.0",
        "unpipe"
      ]
    },
    "router@2.2.0": {
      "integrity": "sha512-nLTrUKm2UyiL7rlhapu/Zl45FwNgkZGaCpZbIHajDYgwlJCOzLSk+cIPAnsEqV955GjILJnKbdQC1nVPz+gAYQ==",
      "dependencies": [
        "debug",
        "depd",
        "is-promise",
        "parseurl",
        "path-to-regexp"
      ]
    },
    "safe-buffer@5.2.1": {
      "integrity": "sha512-rp3So07KcdmmKbGvgaNxQSJr7bGVSVk5S9Eq1F+ppbRo70+YeaDxkw5Dd8NPN+GD6bjnYm2VuPuCXmpuYvmCXQ=="
    },
    "safe-regex-test@1.1.0": {
      "integrity": "sha512-x/+Cz4YrimQxQccJf5mKEbIa1NzeCRNI5Ecl/ekmlYaampdNLPalVyIcCZNNH3MvmqBugV5TMYZXv0ljslUlaw==",
      "dependencies": [
        "call-bound",
        "es-errors",
        "is-regex"
      ]
    },
    "safer-buffer@2.1.2": {
      "integrity": "sha512-YZo3K82SD7Riyi0E1EQPojLz7kpepnSQI9IyPbHHg1XXXevb5dJI7tpyN2ADxGcQbHG7vcyRHk0cbwqcQriUtg=="
    },
    "send@1.2.0": {
      "integrity": "sha512-uaW0WwXKpL9blXE2o0bRhoL2EGXIrZxQ2ZQ4mgcfoBxdFmQold+qWsD2jLrfZ0trjKL6vOw0j//eAwcALFjKSw==",
      "dependencies": [
        "debug",
        "encodeurl",
        "escape-html",
        "etag",
        "fresh",
        "http-errors",
        "mime-types",
        "ms",
        "on-finished",
        "range-parser",
        "statuses@2.0.2"
      ]
    },
    "serve-static@2.2.0": {
      "integrity": "sha512-61g9pCh0Vnh7IutZjtLGGpTA355+OPn2TyDv/6ivP2h/AdAVX9azsoxmg2/M6nZeQZNYBEwIcsne1mJd9oQItQ==",
      "dependencies": [
        "encodeurl",
        "escape-html",
        "parseurl",
        "send"
      ]
    },
    "set-function-length@1.2.2": {
      "integrity": "sha512-pgRc4hJ4/sNjWCSS9AmnS40x3bNMDTknHgL5UaMBTMyJnU90EgWh1Rz+MC9eFu4BuN/UwZjKQuY/1v3rM7HMfg==",
      "dependencies": [
        "define-data-property",
        "es-errors",
        "function-bind",
        "get-intrinsic",
        "gopd",
        "has-property-descriptors"
      ]
    },
    "setimmediate@1.0.5": {
      "integrity": "sha512-MATJdZp8sLqDl/68LfQmbP8zKPLQNV6BIZoIgrscFDQ+RsvK/BxeDQOgyxKKoh0y/8h3BqVFnCqQ/gd+reiIXA=="
    },
    "setprototypeof@1.2.0": {
      "integrity": "sha512-E5LDX7Wrp85Kil5bhZv46j8jOeboKq5JMmYM3gVGdGH8xFpPWXUMsNrlODCrkoxMEeNi/XZIwuRvY4XNwYMJpw=="
    },
    "side-channel-list@1.0.0": {
      "integrity": "sha512-FCLHtRD/gnpCiCHEiJLOwdmFP+wzCmDEkc9y7NsYxeF4u7Btsn1ZuwgwJGxImImHicJArLP4R0yX4c2KCrMrTA==",
      "dependencies": [
        "es-errors",
        "object-inspect"
      ]
    },
    "side-channel-map@1.0.1": {
      "integrity": "sha512-VCjCNfgMsby3tTdo02nbjtM/ewra6jPHmpThenkTYh8pG9ucZ/1P8So4u4FGBek/BjpOVsDCMoLA/iuBKIFXRA==",
      "dependencies": [
        "call-bound",
        "es-errors",
        "get-intrinsic",
        "object-inspect"
      ]
    },
    "side-channel-weakmap@1.0.2": {
      "integrity": "sha512-WPS/HvHQTYnHisLo9McqBHOJk2FkHO/tlpvldyrnem4aeQp4hai3gythswg6p01oSoTl58rcpiFAjF2br2Ak2A==",
      "dependencies": [
        "call-bound",
        "es-errors",
        "get-intrinsic",
        "object-inspect",
        "side-channel-map"
      ]
    },
    "side-channel@1.1.0": {
      "integrity": "sha512-ZX99e6tRweoUXqR+VBrslhda51Nh5MTQwou5tnUDgbtyM0dBgmhEDtWGP/xbKn6hqfPRHujUNwz5fy/wbbhnpw==",
      "dependencies": [
        "es-errors",
        "object-inspect",
        "side-channel-list",
        "side-channel-map",
        "side-channel-weakmap"
      ]
    },
    "statuses@2.0.1": {
      "integrity": "sha512-RwNA9Z/7PrK06rYLIzFMlaF+l73iwpzsqRIFgbMLbTcLD6cOao82TaWefPXQvB2fOC4AjuYSEndS7N/mTCbkdQ=="
    },
    "statuses@2.0.2": {
      "integrity": "sha512-DvEy55V3DB7uknRo+4iOGT5fP1slR8wQohVdknigZPMpMstaKJQWhwiYBACJE3Ul2pTnATihhBYnRhZQHGBiRw=="
    },
    "toidentifier@1.0.1": {
      "integrity": "sha512-o5sSPKEkg/DIQNmH43V0/uerLrpzVedkUh8tGNvaeXpfpuwjKenlSox/2O/BTlZUtEe+JG7s5YhEz608PlAHRA=="
    },
    "tr46@0.0.3": {
      "integrity": "sha512-N3WMsuqV66lT30CrXNbEjx4GEwlow3v6rr4mCcv6prnfwhS01rkgyFdjPNBYd9br7LpXV1+Emh01fHnq2Gdgrw=="
    },
    "type-is@2.0.1": {
      "integrity": "sha512-OZs6gsjF4vMp32qrCbiVSkrFmXtG/AZhY3t0iAMrMBiAZyV9oALtXO8hsrHbMXF9x6L3grlFuwW2oAz7cav+Gw==",
      "dependencies": [
        "content-type",
        "media-typer",
        "mime-types"
      ]
    },
    "typescript@5.9.3": {
      "integrity": "sha512-jl1vZzPDinLr9eUt3J/t7V6FgNEw9QjvBPdysz9KfQDD41fQrC2Y4vKQdiaUpFT4bXlb1RHhLpp8wtm6M5TgSw==",
      "bin": true
    },
    "undici-types@7.10.0": {
      "integrity": "sha512-t5Fy/nfn+14LuOc2KNYg75vZqClpAiqscVvMygNnlsHBFpSXdJaYtXMcdNLpl/Qvc3P2cB3s6lOV51nqsFq4ag=="
    },
    "unpipe@1.0.0": {
      "integrity": "sha512-pjy2bYhSsufwWlKwPc+l3cN7+wuJlK6uz0YdJEOlQDbl6jo/YlPi4mb8agUkVC8BF7V8NuzeyPNqRksA3hztKQ=="
    },
    "util@0.12.5": {
      "integrity": "sha512-kZf/K6hEIrWHI6XqOFUiiMa+79wE/D8Q+NCNAWclkyg3b4d2k7s0QGepNjiABc+aR3N1PAyHL7p6UcLY6LmrnA==",
      "dependencies": [
        "inherits",
        "is-arguments",
        "is-generator-function",
        "is-typed-array",
        "which-typed-array"
      ]
    },
    "vary@1.1.2": {
      "integrity": "sha512-BNGbWLfd0eUPabhkXUVm0j8uuvREyTh5ovRa/dyow/BqAbZJyC+5fU+IzQOzmAKzYqYRAISoRhdQr3eIZ/PXqg=="
    },
    "web3-core@4.7.1": {
      "integrity": "sha512-9KSeASCb/y6BG7rwhgtYC4CvYY66JfkmGNEYb7q1xgjt9BWfkf09MJPaRyoyT5trdOxYDHkT9tDlypvQWaU8UQ==",
      "dependencies": [
        "web3-errors",
        "web3-eth-accounts",
        "web3-eth-iban",
        "web3-providers-http",
        "web3-providers-ws",
        "web3-types",
        "web3-utils",
        "web3-validator"
      ],
      "optionalDependencies": [
        "web3-providers-ipc"
      ]
    },
    "web3-errors@1.3.1": {
      "integrity": "sha512-w3NMJujH+ZSW4ltIZZKtdbkbyQEvBzyp3JRn59Ckli0Nz4VMsVq8aF1bLWM7A2kuQ+yVEm3ySeNU+7mSRwx7RQ==",
      "dependencies": [
        "web3-types"
      ]
    },
    "web3-eth-abi@4.4.1": {
      "integrity": "sha512-60ecEkF6kQ9zAfbTY04Nc9q4eEYM0++BySpGi8wZ2PD1tw/c0SDvsKhV6IKURxLJhsDlb08dATc3iD6IbtWJmg==",
      "dependencies": [
        "abitype",
        "web3-errors",
        "web3-types",
        "web3-utils",
        "web3-validator"
      ]
    },
    "web3-eth-accounts@4.3.1": {
      "integrity": "sha512-rTXf+H9OKze6lxi7WMMOF1/2cZvJb2AOnbNQxPhBDssKOllAMzLhg1FbZ4Mf3lWecWfN6luWgRhaeSqO1l+IBQ==",
      "dependencies": [
        "@ethereumjs/rlp@4.0.1",
        "crc-32",
        "ethereum-cryptography",
        "web3-errors",
        "web3-types",
        "web3-utils",
        "web3-validator"
      ]
    },
    "web3-eth-contract@4.7.2": {
      "integrity": "sha512-3ETqs2pMNPEAc7BVY/C3voOhTUeJdkf2aM3X1v+edbngJLHAxbvxKpOqrcO0cjXzC4uc2Q8Zpf8n8zT5r0eLnA==",
      "dependencies": [
        "@ethereumjs/rlp@5.0.2",
        "web3-core",
        "web3-errors",
        "web3-eth",
        "web3-eth-abi",
        "web3-types",
        "web3-utils",
        "web3-validator"
      ]
    },
    "web3-eth-ens@4.4.0": {
      "integrity": "sha512-DeyVIS060hNV9g8dnTx92syqvgbvPricE3MerCxe/DquNZT3tD8aVgFfq65GATtpCgDDJffO2bVeHp3XBemnSQ==",
      "dependencies": [
        "@adraffy/ens-normalize",
        "web3-core",
        "web3-errors",
        "web3-eth",
        "web3-eth-contract",
        "web3-net",
        "web3-types",
        "web3-utils",
        "web3-validator"
      ]
    },
    "web3-eth-iban@4.0.7": {
      "integrity": "sha512-8weKLa9KuKRzibC87vNLdkinpUE30gn0IGY027F8doeJdcPUfsa4IlBgNC4k4HLBembBB2CTU0Kr/HAOqMeYVQ==",
      "dependencies": [
        "web3-errors",
        "web3-types",
        "web3-utils",
        "web3-validator"
      ]
    },
    "web3-eth-personal@4.1.0": {
      "integrity": "sha512-RFN83uMuvA5cu1zIwwJh9A/bAj0OBxmGN3tgx19OD/9ygeUZbifOL06jgFzN0t+1ekHqm3DXYQM8UfHpXi7yDQ==",
      "dependencies": [
        "web3-core",
        "web3-eth",
        "web3-rpc-methods",
        "web3-types",
        "web3-utils",
        "web3-validator"
      ]
    },
    "web3-eth@4.11.1": {
      "integrity": "sha512-q9zOkzHnbLv44mwgLjLXuyqszHuUgZWsQayD2i/rus2uk0G7hMn11bE2Q3hOVnJS4ws4VCtUznlMxwKQ+38V2w==",
      "dependencies": [
        "setimmediate",
        "web3-core",
        "web3-errors",
        "web3-eth-abi",
        "web3-eth-accounts",
        "web3-net",
        "web3-providers-ws",
        "web3-rpc-methods",
        "web3-types",
        "web3-utils",
        "web3-validator"
      ]
    },
    "web3-net@4.1.0": {
      "integrity": "sha512-WWmfvHVIXWEoBDWdgKNYKN8rAy6SgluZ0abyRyXOL3ESr7ym7pKWbfP4fjApIHlYTh8tNqkrdPfM4Dyi6CA0SA==",
      "dependencies": [
        "web3-core",
        "web3-rpc-methods",
        "web3-types",
        "web3-utils"
      ]
    },
    "web3-providers-http@4.2.0": {
      "integrity": "sha512-IPMnDtHB7dVwaB7/mMxAZzyq7d5ezfO1+Vw0bNfAeIi7gaDlJiggp85SdyAfOgov8AMUA/dyiY72kQ0KmjXKvQ==",
      "dependencies": [
        "cross-fetch",
        "web3-errors",
        "web3-types",
        "web3-utils"
      ]
    },
    "web3-providers-ipc@4.0.7": {
      "integrity": "sha512-YbNqY4zUvIaK2MHr1lQFE53/8t/ejHtJchrWn9zVbFMGXlTsOAbNoIoZWROrg1v+hCBvT2c9z8xt7e/+uz5p1g==",
      "dependencies": [
        "web3-errors",
        "web3-types",
        "web3-utils"
      ]
    },
    "web3-providers-ws@4.0.8_ws@8.18.3": {
      "integrity": "sha512-goJdgata7v4pyzHRsg9fSegUG4gVnHZSHODhNnn6J93ykHkBI1nz4fjlGpcQLUMi4jAMz6SHl9Ibzs2jj9xqPw==",
      "dependencies": [
        "@types/ws",
        "isomorphic-ws",
        "web3-errors",
        "web3-types",
        "web3-utils",
        "ws"
      ]
    },
    "web3-rpc-methods@1.3.0": {
      "integrity": "sha512-/CHmzGN+IYgdBOme7PdqzF+FNeMleefzqs0LVOduncSaqsppeOEoskLXb2anSpzmQAP3xZJPaTrkQPWSJMORig==",
      "dependencies": [
        "web3-core",
        "web3-types",
        "web3-validator"
      ]
    },
    "web3-rpc-providers@1.0.0-rc.4": {
      "integrity": "sha512-PXosCqHW0EADrYzgmueNHP3Y5jcSmSwH+Dkqvn7EYD0T2jcsdDAIHqk6szBiwIdhumM7gv9Raprsu/s/f7h1fw==",
      "dependencies": [
        "web3-errors",
        "web3-providers-http",
        "web3-providers-ws",
        "web3-types",
        "web3-utils",
        "web3-validator"
      ]
    },
    "web3-types@1.10.0": {
      "integrity": "sha512-0IXoaAFtFc8Yin7cCdQfB9ZmjafrbP6BO0f0KT/khMhXKUpoJ6yShrVhiNpyRBo8QQjuOagsWzwSK2H49I7sbw=="
    },
    "web3-utils@4.3.3": {
      "integrity": "sha512-kZUeCwaQm+RNc2Bf1V3BYbF29lQQKz28L0y+FA4G0lS8IxtJVGi5SeDTUkpwqqkdHHC7JcapPDnyyzJ1lfWlOw==",
      "dependencies": [
        "ethereum-cryptography",
        "eventemitter3",
        "web3-errors",
        "web3-types",
        "web3-validator"
      ]
    },
    "web3-validator@2.0.6": {
      "integrity": "sha512-qn9id0/l1bWmvH4XfnG/JtGKKwut2Vokl6YXP5Kfg424npysmtRLe9DgiNBM9Op7QL/aSiaA0TVXibuIuWcizg==",
      "dependencies": [
        "ethereum-cryptography",
        "util",
        "web3-errors",
        "web3-types",
        "zod"
      ]
    },
    "web3@4.16.0": {
      "integrity": "sha512-SgoMSBo6EsJ5GFCGar2E/pR2lcR/xmUSuQ61iK6yDqzxmm42aPPxSqZfJz2z/UCR6pk03u77pU8TGV6lgMDdIQ==",
      "dependencies": [
        "web3-core",
        "web3-errors",
        "web3-eth",
        "web3-eth-abi",
        "web3-eth-accounts",
        "web3-eth-contract",
        "web3-eth-ens",
        "web3-eth-iban",
        "web3-eth-personal",
        "web3-net",
        "web3-providers-http",
        "web3-providers-ws",
        "web3-rpc-methods",
        "web3-rpc-providers",
        "web3-types",
        "web3-utils",
        "web3-validator"
      ]
    },
    "webidl-conversions@3.0.1": {
      "integrity": "sha512-2JAn3z8AR6rjK8Sm8orRC0h/bcl/DqL7tRPdGZ4I1CjdF+EaMLmYxBHyXuKL849eucPFhvBoxMsflfOb8kxaeQ=="
    },
    "whatwg-url@5.0.0": {
      "integrity": "sha512-saE57nupxk6v3HY35+jzBwYa0rKSy0XR8JSxZPwgLr7ys0IBzhGviA1/TUGJLmSVqs8pb9AnvICXEuOHLprYTw==",
      "dependencies": [
        "tr46",
        "webidl-conversions"
      ]
    },
    "which-typed-array@1.1.19": {
      "integrity": "sha512-rEvr90Bck4WZt9HHFC4DJMsjvu7x+r6bImz0/BrbWb7A2djJ8hnZMrWnHo9F8ssv0OMErasDhftrfROTyqSDrw==",
      "dependencies": [
        "available-typed-arrays",
        "call-bind",
        "call-bound",
        "for-each",
        "get-proto",
        "gopd",
        "has-tostringtag"
      ]
    },
    "wrappy@1.0.2": {
      "integrity": "sha512-l4Sp/DRseor9wL6EvV2+TuQn63dMkPjZ/sp9XkghTEbV9KlPS1xUsZ3u7/IQO4wxtcFB4bgpQPRcR3QCvezPcQ=="
    },
    "ws@8.18.3": {
      "integrity": "sha512-PEIGCY5tSlUt50cqyMXfCzX+oOPqN0vuGqWzbcJ2xvnkzkq46oOpz7dQaTDBdfICb4N14+GARUDw2XV2N4tvzg=="
    },
    "zod@3.25.76": {
      "integrity": "sha512-gzUt/qt81nXsFGKIFcC3YnfEAx5NkunCfnDlvuBSSFS02bcXu4Lmea0AFIUwbLWxWPx3d9p8S5QoaujKcNQxcQ=="
    }
  },
  "workspace": {
    "dependencies": [
      "jsr:@std/assert@1",
      "npm:@types/express@^5.0.4",
      "npm:express@^5.0.4",
      "npm:web3@^4.16.0"
    ]
  }
}
